
Microsoft Visual Studio Solution File, Format Version 12.00
# Visual Studio 14
VisualStudioVersion = 14.0.25420.1
MinimumVisualStudioVersion = 10.0.40219.1
Project("{FAE04EC0-301F-11D3-BF4B-00C04F79EFBC}") = "Hearthrock", "Hearthrock\Hearthrock.csproj", "{8582D6DF-67B8-47CD-9104-A7CCEB1A43E2}"
EndProject
Project("{FAE04EC0-301F-11D3-BF4B-00C04F79EFBC}") = "Hearthrock.Client", "Hearthrock.Client\Hearthrock.Client.csproj", "{48B8CBF6-670E-4981-B77E-15470F78A8BF}"
EndProject
Project("{D954291E-2A0B-460D-934E-DC6B0785DB48}") = "Hearthrock.Contracts", "Hearthrock.Contracts\Hearthrock.Contracts.shproj", "{5161FB1C-A6DA-485E-8595-5FD28FCE73E1}"
EndProject
Project("{FAE04EC0-301F-11D3-BF4B-00C04F79EFBC}") = "Hearthrock.Tests", "Hearthrock.Tests\Hearthrock.Tests.csproj", "{01C4EC17-3C64-472F-97B4-877B96B7765F}"
EndProject
Project("{D954291E-2A0B-460D-934E-DC6B0785DB48}") = "Hearthrock.Robot", "Hearthrock.Robot\Hearthrock.Robot.shproj", "{8858C675-4990-46E8-AA26-12D764F9BFB6}"
EndProject
Global
	GlobalSection(SharedMSBuildProjectFiles) = preSolution
		Hearthrock.Contracts\Hearthrock.Contracts.projitems*{5161fb1c-a6da-485e-8595-5fd28fce73e1}*SharedItemsImports = 13
		Hearthrock.Contracts\Hearthrock.Contracts.projitems*{8582d6df-67b8-47cd-9104-a7cceb1a43e2}*SharedItemsImports = 4
		Hearthrock.Robot\Hearthrock.Robot.projitems*{8582d6df-67b8-47cd-9104-a7cceb1a43e2}*SharedItemsImports = 4
		Hearthrock.Robot\Hearthrock.Robot.projitems*{8858c675-4990-46e8-aa26-12d764f9bfb6}*SharedItemsImports = 13
	EndGlobalSection
	GlobalSection(SolutionConfigurationPlatforms) = preSolution
		Debug|Any CPU = Debug|Any CPU
		Release|Any CPU = Release|Any CPU
	EndGlobalSection
	GlobalSection(ProjectConfigurationPlatforms) = postSolution
		{8582D6DF-67B8-47CD-9104-A7CCEB1A43E2}.Debug|Any CPU.ActiveCfg = Debug|Any CPU
		{8582D6DF-67B8-47CD-9104-A7CCEB1A43E2}.Debug|Any CPU.Build.0 = Debug|Any CPU
		{8582D6DF-67B8-47CD-9104-A7CCEB1A43E2}.Release|Any CPU.ActiveCfg = Release|Any CPU
		{8582D6DF-67B8-47CD-9104-A7CCEB1A43E2}.Release|Any CPU.Build.0 = Release|Any CPU
		{48B8CBF6-670E-4981-B77E-15470F78A8BF}.Debug|Any CPU.ActiveCfg = Debug|Any CPU
		{48B8CBF6-670E-4981-B77E-15470F78A8BF}.Debug|Any CPU.Build.0 = Debug|Any CPU
		{48B8CBF6-670E-4981-B77E-15470F78A8BF}.Release|Any CPU.ActiveCfg = Release|Any CPU
		{48B8CBF6-670E-4981-B77E-15470F78A8BF}.Release|Any CPU.Build.0 = Release|Any CPU
		{01C4EC17-3C64-472F-97B4-877B96B7765F}.Debug|Any CPU.ActiveCfg = Debug|Any CPU
		{01C4EC17-3C64-472F-97B4-877B96B7765F}.Debug|Any CPU.Build.0 = Debug|Any CPU
		{01C4EC17-3C64-472F-97B4-877B96B7765F}.Release|Any CPU.ActiveCfg = Release|Any CPU
		{01C4EC17-3C64-472F-97B4-877B96B7765F}.Release|Any CPU.Build.0 = Release|Any CPU
	EndGlobalSection
	GlobalSection(SolutionProperties) = preSolution
		HideSolutionNode = FALSE
	EndGlobalSection
EndGlobal
